Microsoft Visual Studio Solution File, Format Version 12.00
# Visual Studio Version 16
VisualStudioVersion = 16.0.29728.190
MinimumVisualStudioVersion = 10.0.40219.1
Project("{9A19103F-16F7-4668-BE54-9A1E7A4F7556}") = "Crud.Server", "Crud.Server\Crud.Server.csproj", "{94850972-9413-4A30-B0A7-BA3B079D0903}"
EndProject
Global
	GlobalSection(SolutionConfigurationPlatforms) = preSolution
		Debug|Any CPU = Debug|Any CPU
		Release|Any CPU = Release|Any CPU
	EndGlobalSection
	GlobalSection(ProjectConfigurationPlatforms) = postSolution
		{94850972-9413-4A30-B0A7-BA3B079D0903}.Debug|Any CPU.ActiveCfg = Debug|Any CPU
		{94850972-9413-4A30-B0A7-BA3B079D0903}.Debug|Any CPU.Build.0 = Debug|Any CPU
		{94850972-9413-4A30-B0A7-BA3B079D0903}.Release|Any CPU.ActiveCfg = Release|Any CPU
		{94850972-9413-4A30-B0A7-BA3B079D0903}.Release|Any CPU.Build.0 = Release|Any CPU
	EndGlobalSection
	GlobalSection(SolutionProperties) = preSolution
		HideSolutionNode = FALSE
	EndGlobalSection
	GlobalSection(ExtensibilityGlobals) = postSolution
		SolutionGuid = {FF5741AA-15B1-4635-8B44-C461F8CCF072}
	EndGlobalSection
EndGlobal
